
Microsoft Visual Studio Solution File, Format Version 12.00
# Visual Studio Version 17
VisualStudioVersion = 17.5.33530.505
MinimumVisualStudioVersion = 10.0.40219.1
Project("{9A19103F-16F7-4668-BE54-9A1E7A4F7556}") = "StockApp.Net8", "StockApp.Net8\StockApp.Net8.csproj", "{E590FC75-07A0-460D-AE4A-3205F068813A}"
EndProject
Project("{9A19103F-16F7-4668-BE54-9A1E7A4F7556}") = "StockApp.Net8.Tests", "StockApp.Net8.Tests\StockApp.Net8.Tests.csproj", "{384E36CE-0BF5-4187-8C79-A98ADFE3E829}"
EndProject
Project("{FAE04EC0-301F-11D3-BF4B-00C04F79EFBC}") = "StockService.Net8", "StockService.Net8\StockService.Net8.csproj", "{005DC38F-EC1C-4ADF-B794-1E8BC1828441}"
EndProject
Project("{FAE04EC0-301F-11D3-BF4B-00C04F79EFBC}") = "StockAppData.Net8", "StockData.Net8\StockAppData.Net8.csproj", "{8593E08A-DCDD-426A-8D24-A63D3DC7AA35}"
EndProject
Project("{FAE04EC0-301F-11D3-BF4B-00C04F79EFBC}") = "TestConsole.Net8", "TestConsole.Net8\TestConsole.Net8.csproj", "{C03047E9-EF25-4B66-B14D-382B9E3FF280}"
EndProject
Global
	GlobalSection(SolutionConfigurationPlatforms) = preSolution
		Debug|Any CPU = Debug|Any CPU
		Release|Any CPU = Release|Any CPU
	EndGlobalSection
	GlobalSection(ProjectConfigurationPlatforms) = postSolution
		{E590FC75-07A0-460D-AE4A-3205F068813A}.Debug|Any CPU.ActiveCfg = Debug|Any CPU
		{E590FC75-07A0-460D-AE4A-3205F068813A}.Debug|Any CPU.Build.0 = Debug|Any CPU
		{E590FC75-07A0-460D-AE4A-3205F068813A}.Release|Any CPU.ActiveCfg = Release|Any CPU
		{E590FC75-07A0-460D-AE4A-3205F068813A}.Release|Any CPU.Build.0 = Release|Any CPU
		{384E36CE-0BF5-4187-8C79-A98ADFE3E829}.Debug|Any CPU.ActiveCfg = Debug|Any CPU
		{384E36CE-0BF5-4187-8C79-A98ADFE3E829}.Debug|Any CPU.Build.0 = Debug|Any CPU
		{384E36CE-0BF5-4187-8C79-A98ADFE3E829}.Release|Any CPU.ActiveCfg = Release|Any CPU
		{384E36CE-0BF5-4187-8C79-A98ADFE3E829}.Release|Any CPU.Build.0 = Release|Any CPU
		{005DC38F-EC1C-4ADF-B794-1E8BC1828441}.Debug|Any CPU.ActiveCfg = Debug|Any CPU
		{005DC38F-EC1C-4ADF-B794-1E8BC1828441}.Debug|Any CPU.Build.0 = Debug|Any CPU
		{005DC38F-EC1C-4ADF-B794-1E8BC1828441}.Release|Any CPU.ActiveCfg = Release|Any CPU
		{005DC38F-EC1C-4ADF-B794-1E8BC1828441}.Release|Any CPU.Build.0 = Release|Any CPU
		{8593E08A-DCDD-426A-8D24-A63D3DC7AA35}.Debug|Any CPU.ActiveCfg = Debug|Any CPU
		{8593E08A-DCDD-426A-8D24-A63D3DC7AA35}.Debug|Any CPU.Build.0 = Debug|Any CPU
		{8593E08A-DCDD-426A-8D24-A63D3DC7AA35}.Release|Any CPU.ActiveCfg = Release|Any CPU
		{8593E08A-DCDD-426A-8D24-A63D3DC7AA35}.Release|Any CPU.Build.0 = Release|Any CPU
		{C03047E9-EF25-4B66-B14D-382B9E3FF280}.Debug|Any CPU.ActiveCfg = Debug|Any CPU
		{C03047E9-EF25-4B66-B14D-382B9E3FF280}.Debug|Any CPU.Build.0 = Debug|Any CPU
		{C03047E9-EF25-4B66-B14D-382B9E3FF280}.Release|Any CPU.ActiveCfg = Release|Any CPU
		{C03047E9-EF25-4B66-B14D-382B9E3FF280}.Release|Any CPU.Build.0 = Release|Any CPU
	EndGlobalSection
	GlobalSection(SolutionProperties) = preSolution
		HideSolutionNode = FALSE
	EndGlobalSection
	GlobalSection(ExtensibilityGlobals) = postSolution
		SolutionGuid = {6450DBC2-EADE-417C-B813-0331B5D361F9}
	EndGlobalSection
EndGlobal
