
Microsoft Visual Studio Solution File, Format Version 12.00
# Visual Studio Version 17
VisualStudioVersion = 17.5.33530.505
MinimumVisualStudioVersion = 10.0.40219.1
Project("{9A19103F-16F7-4668-BE54-9A1E7A4F7556}") = "Framework.Net8", "Framework.Net8\Framework.Net8.csproj", "{129D60A4-49B1-4E13-A62B-222B6F02C54A}"
EndProject
Project("{9A19103F-16F7-4668-BE54-9A1E7A4F7556}") = "StockAppData.Net8", "StockAppData.Net8\StockAppData.Net8.csproj", "{582402DB-CF16-4DE2-A9BA-B9832DCF4028}"
EndProject
Project("{9A19103F-16F7-4668-BE54-9A1E7A4F7556}") = "StockAppService.Net8", "StockAppService.Net8\StockAppService.Net8.csproj", "{D2BDA18D-6566-4CA9-A68E-5AB69B50F5D8}"
EndProject
Project("{9A19103F-16F7-4668-BE54-9A1E7A4F7556}") = "StockAppApiData.Net8", "StockAppApiData.Net8\StockAppApiData.Net8.csproj", "{6EFB9E75-D7D5-4FCC-AD14-3E39025F0C47}"
EndProject
Project("{9A19103F-16F7-4668-BE54-9A1E7A4F7556}") = "StockApp.Net8", "StockApp.Net8\StockApp.Net8.csproj", "{F217BF6A-6E69-40F8-9198-C50611E8B7D2}"
EndProject
Project("{9A19103F-16F7-4668-BE54-9A1E7A4F7556}") = "StockApp.Net8.Tests", "StockApp.Net8.Tests\StockApp.Net8.Tests.csproj", "{B499D48A-6A1A-4FE8-B23F-9FCDCDB0E8CC}"
EndProject
Project("{9A19103F-16F7-4668-BE54-9A1E7A4F7556}") = "TestConsole.Net8", "TestConsole.Net8\TestConsole.Net8.csproj", "{93FBA10B-025B-4B69-B707-65441E1FAA1C}"
EndProject
Global
	GlobalSection(SolutionConfigurationPlatforms) = preSolution
		Debug|Any CPU = Debug|Any CPU
		Release|Any CPU = Release|Any CPU
	EndGlobalSection
	GlobalSection(ProjectConfigurationPlatforms) = postSolution
		{129D60A4-49B1-4E13-A62B-222B6F02C54A}.Debug|Any CPU.ActiveCfg = Debug|Any CPU
		{129D60A4-49B1-4E13-A62B-222B6F02C54A}.Debug|Any CPU.Build.0 = Debug|Any CPU
		{129D60A4-49B1-4E13-A62B-222B6F02C54A}.Release|Any CPU.ActiveCfg = Release|Any CPU
		{129D60A4-49B1-4E13-A62B-222B6F02C54A}.Release|Any CPU.Build.0 = Release|Any CPU
		{582402DB-CF16-4DE2-A9BA-B9832DCF4028}.Debug|Any CPU.ActiveCfg = Debug|Any CPU
		{582402DB-CF16-4DE2-A9BA-B9832DCF4028}.Debug|Any CPU.Build.0 = Debug|Any CPU
		{582402DB-CF16-4DE2-A9BA-B9832DCF4028}.Release|Any CPU.ActiveCfg = Release|Any CPU
		{582402DB-CF16-4DE2-A9BA-B9832DCF4028}.Release|Any CPU.Build.0 = Release|Any CPU
		{D2BDA18D-6566-4CA9-A68E-5AB69B50F5D8}.Debug|Any CPU.ActiveCfg = Debug|Any CPU
		{D2BDA18D-6566-4CA9-A68E-5AB69B50F5D8}.Debug|Any CPU.Build.0 = Debug|Any CPU
		{D2BDA18D-6566-4CA9-A68E-5AB69B50F5D8}.Release|Any CPU.ActiveCfg = Release|Any CPU
		{D2BDA18D-6566-4CA9-A68E-5AB69B50F5D8}.Release|Any CPU.Build.0 = Release|Any CPU
		{6EFB9E75-D7D5-4FCC-AD14-3E39025F0C47}.Debug|Any CPU.ActiveCfg = Debug|Any CPU
		{6EFB9E75-D7D5-4FCC-AD14-3E39025F0C47}.Debug|Any CPU.Build.0 = Debug|Any CPU
		{6EFB9E75-D7D5-4FCC-AD14-3E39025F0C47}.Release|Any CPU.ActiveCfg = Release|Any CPU
		{6EFB9E75-D7D5-4FCC-AD14-3E39025F0C47}.Release|Any CPU.Build.0 = Release|Any CPU
		{F217BF6A-6E69-40F8-9198-C50611E8B7D2}.Debug|Any CPU.ActiveCfg = Debug|Any CPU
		{F217BF6A-6E69-40F8-9198-C50611E8B7D2}.Debug|Any CPU.Build.0 = Debug|Any CPU
		{F217BF6A-6E69-40F8-9198-C50611E8B7D2}.Release|Any CPU.ActiveCfg = Release|Any CPU
		{F217BF6A-6E69-40F8-9198-C50611E8B7D2}.Release|Any CPU.Build.0 = Release|Any CPU
		{B499D48A-6A1A-4FE8-B23F-9FCDCDB0E8CC}.Debug|Any CPU.ActiveCfg = Debug|Any CPU
		{B499D48A-6A1A-4FE8-B23F-9FCDCDB0E8CC}.Debug|Any CPU.Build.0 = Debug|Any CPU
		{B499D48A-6A1A-4FE8-B23F-9FCDCDB0E8CC}.Release|Any CPU.ActiveCfg = Release|Any CPU
		{B499D48A-6A1A-4FE8-B23F-9FCDCDB0E8CC}.Release|Any CPU.Build.0 = Release|Any CPU
		{93FBA10B-025B-4B69-B707-65441E1FAA1C}.Debug|Any CPU.ActiveCfg = Debug|Any CPU
		{93FBA10B-025B-4B69-B707-65441E1FAA1C}.Debug|Any CPU.Build.0 = Debug|Any CPU
		{93FBA10B-025B-4B69-B707-65441E1FAA1C}.Release|Any CPU.ActiveCfg = Release|Any CPU
		{93FBA10B-025B-4B69-B707-65441E1FAA1C}.Release|Any CPU.Build.0 = Release|Any CPU
	EndGlobalSection
	GlobalSection(SolutionProperties) = preSolution
		HideSolutionNode = FALSE
	EndGlobalSection
	GlobalSection(ExtensibilityGlobals) = postSolution
		SolutionGuid = {6450DBC2-EADE-417C-B813-0331B5D361F9}
	EndGlobalSection
EndGlobal
