
Microsoft Visual Studio Solution File, Format Version 12.00
# Visual Studio Version 17
VisualStudioVersion = 17.5.33530.505
MinimumVisualStudioVersion = 10.0.40219.1
Project("{FAE04EC0-301F-11D3-BF4B-00C04F79EFBC}") = "StockApp.Net6", "StockApp.Net6\StockApp.Net6.csproj", "{345E63B8-60BA-42AA-B546-86AB81E12B8D}"
EndProject
Global
	GlobalSection(SolutionConfigurationPlatforms) = preSolution
		Debug|Any CPU = Debug|Any CPU
		Release|Any CPU = Release|Any CPU
	EndGlobalSection
	GlobalSection(ProjectConfigurationPlatforms) = postSolution
		{345E63B8-60BA-42AA-B546-86AB81E12B8D}.Debug|Any CPU.ActiveCfg = Debug|Any CPU
		{345E63B8-60BA-42AA-B546-86AB81E12B8D}.Debug|Any CPU.Build.0 = Debug|Any CPU
		{345E63B8-60BA-42AA-B546-86AB81E12B8D}.Release|Any CPU.ActiveCfg = Release|Any CPU
		{345E63B8-60BA-42AA-B546-86AB81E12B8D}.Release|Any CPU.Build.0 = Release|Any CPU
	EndGlobalSection
	GlobalSection(SolutionProperties) = preSolution
		HideSolutionNode = FALSE
	EndGlobalSection
	GlobalSection(ExtensibilityGlobals) = postSolution
		SolutionGuid = {6450DBC2-EADE-417C-B813-0331B5D361F9}
	EndGlobalSection
EndGlobal
